
Microsoft Visual Studio Solution File, Format Version 12.00
# Visual Studio 15
VisualStudioVersion = 15.0.27130.2010
MinimumVisualStudioVersion = 10.0.40219.1
Project("{FAE04EC0-301F-11D3-BF4B-00C04F79EFBC}") = "CanoHealth.WebPortal", "CanoHealth.WebPortal\CanoHealth.WebPortal.csproj", "{77CF4ADA-7770-4BDB-AF55-035B26C0A099}"
EndProject
Project("{FAE04EC0-301F-11D3-BF4B-00C04F79EFBC}") = "CanoHealth.WebPortal.Test", "CanoHealth.WebPortal.Test\CanoHealth.WebPortal.Test.csproj", "{BE3CFCC8-E9A9-406D-80E8-7FD002FDC290}"
EndProject
Project("{FAE04EC0-301F-11D3-BF4B-00C04F79EFBC}") = "CanoHealth.WebPortal.IntegrationTest", "CanoHealth.WebPortal.IntegrationTest\CanoHealth.WebPortal.IntegrationTest.csproj", "{460B1504-9DC7-41D1-9305-67716FDB77B1}"
EndProject
Project("{FAE04EC0-301F-11D3-BF4B-00C04F79EFBC}") = "CanoHealth.WindowsService", "CanoHealth.WindowsService\CanoHealth.WindowsService.csproj", "{61683EB4-DF34-4830-BDAD-03F27736D2D9}"
EndProject
Global
	GlobalSection(SolutionConfigurationPlatforms) = preSolution
		Debug|Any CPU = Debug|Any CPU
		Release|Any CPU = Release|Any CPU
	EndGlobalSection
	GlobalSection(ProjectConfigurationPlatforms) = postSolution
		{77CF4ADA-7770-4BDB-AF55-035B26C0A099}.Debug|Any CPU.ActiveCfg = Debug|Any CPU
		{77CF4ADA-7770-4BDB-AF55-035B26C0A099}.Debug|Any CPU.Build.0 = Debug|Any CPU
		{77CF4ADA-7770-4BDB-AF55-035B26C0A099}.Release|Any CPU.ActiveCfg = Release|Any CPU
		{77CF4ADA-7770-4BDB-AF55-035B26C0A099}.Release|Any CPU.Build.0 = Release|Any CPU
		{BE3CFCC8-E9A9-406D-80E8-7FD002FDC290}.Debug|Any CPU.ActiveCfg = Debug|Any CPU
		{BE3CFCC8-E9A9-406D-80E8-7FD002FDC290}.Debug|Any CPU.Build.0 = Debug|Any CPU
		{BE3CFCC8-E9A9-406D-80E8-7FD002FDC290}.Release|Any CPU.ActiveCfg = Release|Any CPU
		{BE3CFCC8-E9A9-406D-80E8-7FD002FDC290}.Release|Any CPU.Build.0 = Release|Any CPU
		{460B1504-9DC7-41D1-9305-67716FDB77B1}.Debug|Any CPU.ActiveCfg = Debug|Any CPU
		{460B1504-9DC7-41D1-9305-67716FDB77B1}.Debug|Any CPU.Build.0 = Debug|Any CPU
		{460B1504-9DC7-41D1-9305-67716FDB77B1}.Release|Any CPU.ActiveCfg = Release|Any CPU
		{460B1504-9DC7-41D1-9305-67716FDB77B1}.Release|Any CPU.Build.0 = Release|Any CPU
		{61683EB4-DF34-4830-BDAD-03F27736D2D9}.Debug|Any CPU.ActiveCfg = Debug|Any CPU
		{61683EB4-DF34-4830-BDAD-03F27736D2D9}.Debug|Any CPU.Build.0 = Debug|Any CPU
		{61683EB4-DF34-4830-BDAD-03F27736D2D9}.Release|Any CPU.ActiveCfg = Release|Any CPU
		{61683EB4-DF34-4830-BDAD-03F27736D2D9}.Release|Any CPU.Build.0 = Release|Any CPU
	EndGlobalSection
	GlobalSection(SolutionProperties) = preSolution
		HideSolutionNode = FALSE
	EndGlobalSection
	GlobalSection(ExtensibilityGlobals) = postSolution
		SolutionGuid = {F6C557D6-16E4-426A-BA00-79BEABDDC6AA}
	EndGlobalSection
EndGlobal
